al.essio.dev/pkg/shellescape v1.5.1 h1:86HrALUujYS/h+GtqoB26SBEdkWfmMI6FubjXlsXyho=
al.essio.dev/pkg/shellescape v1.5.1/go.mod h1:6sIqp7X2P6mThCQ7twERpZTuigpr6KbZWtls1U8I890=
github.com/alecthomas/assert/v2 v2.11.0 h1:2Q9r3ki8+JYXvGsDyBXwH3LcJ+WK5D0gc5E8vS6K3D0=
github.com/alecthomas/assert/v2 v2.11.0/go.mod h1:Bze95FyfUr7x34QZrjL+XP+0qgp/zg8yS+TtBj1WA3k=
github.com/alecthomas/kong v1.8.1 h1:6aamvWBE/REnR/BCq10EcozmcpUPc5aGI1lPAWdB0EE=
github.com/alecthomas/kong v1.8.1/go.mod h1:p2vqieVMeTAnaC83txKtXe8FLke2X07aruPWXyMPQrU=
github.com/alecthomas/repr v0.4.0 h1:GhI2A8MACjfegCPVq9f1FLvIBS+DrQ2KQBFZP1iFzXc=
github.com/alecthomas/repr v0.4.0/go.mod h1:Fr0507jx4eOXV7AlPV6AVZLYrLIuIeSOWtW57eE/O/4=
github.com/atotto/clipboard v0.1.4 h1:EH0zSVneZPSuFR11BlR9YppQTVDbh5+16AmcJi4g1z4=
github.com/atotto/clipboard v0.1.4/go.mod h1:ZY9tmq7sm5xIbd9bOK4onWV4S6X0u6GY7Vn0Yu86PYI=
github.com/aymanbagabas/go-osc52/v2 v2.0.1 h1:HwpRHbFMcZLEVr42D4p7XBqjyuxQH5SMiErDT4WkJ2k=
github.com/aymanbagabas/go-osc52/v2 v2.0.1/go.mod h1:uYgXzlJ7ZpABp8OJ+exZzJJhRNQ2ASbcXHWsFqH8hp8=
github.com/buildkite/shellwords v0.0.0-20180315110454-59467a9b8e10 h1:XwHQ5xDtYPdtBbVPyRO6UZoWZe8/mbKUb076f8x7RvI=
github.com/buildkite/shellwords v0.0.0-20180315110454-59467a9b8e10/go.mod h1:gv0DYOzHEsKgo31lTCDGauIg4DTTGn41Bzp+t3wSOlk=
github.com/charmbracelet/bubbles v0.20.0 h1:jSZu6qD8cRQ6k9OMfR1WlM+ruM8fkPWkHvQWD9LIutE=
github.com/charmbracelet/bubbles v0.20.0/go.mod h1:39slydyswPy+uVOHZ5x/GjwVAFkCsV8IIVy+4MhzwwU=
github.com/charmbracelet/bubbletea v1.3.3 h1:WpU6fCY0J2vDWM3zfS3vIDi/ULq3SYphZhkAGGvmEUY=
github.com/charmbracelet/bubbletea v1.3.3/go.mod h1:dtcUCyCGEX3g9tosuYiut3MXgY/Jsv9nKVdibKKRRXo=
github.com/charmbracelet/lipgloss v1.0.0 h1:O7VkGDvqEdGi93X+DeqsQ7PKHDgtQfF8j8/O2qFMQNg=
github.com/charmbracelet/lipgloss v1.0.0/go.mod h1:U5fy9Z+C38obMs+T+tJqst9VGzlOYGj4ri9reL3qUlo=
github.com/charmbracelet/log v0.4.0 h1:G9bQAcx8rWA2T3pWvx7YtPTPwgqpk7D68BX21IRW8ZM=
github.com/charmbracelet/log v0.4.0/go.mod h1:63bXt/djrizTec0l11H20t8FDSvA4CRZJ1KH22MdptM=
github.com/charmbracelet/x/ansi v0.8.0 h1:9GTq3xq9caJW8ZrBTe0LIe2fvfLR/bYXKTx2llXn7xE=
github.com/charmbracelet/x/ansi v0.8.0/go.mod h1:wdYl/ONOLHLIVmQaxbIYEC/cRKOQyjTkowiI4blgS9Q=
github.com/charmbracelet/x/term v0.2.1 h1:AQeHeLZ1OqSXhrAWpYUtZyX1T3zVxfpZuEQMIQaGIAQ=
github.com/charmbracelet/x/term v0.2.1/go.mod h1:oQ4enTYFV7QN4m0i9mzHrViD7TQKvNEEkHUMCmsxdUg=
github.com/cli/browser v1.3.0 h1:LejqCrpWr+1pRqmEPDGnTZOjsMe7sehifLynZJuqJpo=
github.com/cli/browser v1.3.0/go.mod h1:HH8s+fOAxjhQoBUAsKuPCbqUuxZDhQ2/aD+SzsEfBTk=
github.com/creack/pty v1.1.24 h1:bJrF4RRfyJnbTJqzRLHzcGaZK1NeM5kTC9jGgovnR1s=
github.com/creack/pty v1.1.24/go.mod h1:08sCNb52WyoAwi2QDyzUCTgcvVFhUzewun7wtTfvcwE=
github.com/danielgatis/go-ansicode v1.0.7 h1:ozOFtNlQHgI3lMJFbT0CxqbbToqtT7mu8GXOwq10Xn0=
github.com/danielgatis/go-ansicode v1.0.7/go.mod h1:xft3lPCsvHAC9KEGRcEzX+Jm8bTyUbya4rk7zD/nWvk=
github.com/danielgatis/go-iterator v0.0.1 h1:pTptWDVAKzR0EUdtfmFMP3v+hSetqB091V9um1DTO8I=
github.com/danielgatis/go-iterator v0.0.1/go.mod h1:+gTbPAMdVIKwmqw7kr/mo5IFIzz2MFiRyYylcRvgbHs=
github.com/danielgatis/go-utf8 v1.0.0 h1:M7z8heSUa2PF1NoxgD0X6LbOAqMskMf433lFP/Qtal0=
github.com/danielgatis/go-utf8 v1.0.0/go.mod h1:h8SG9aqqV20w8tUD7maLYwfAeQzvjDXNP89oth2qOxM=
github.com/danielgatis/go-vte v1.0.8 h1:ot/fnUB7dMag0lMurMCei4mjRI8KyxpLeA7lhTtdgTo=
github.com/danielgatis/go-vte v1.0.8/go.mod h1:HBeSBT/XiLQRNEoYpBYrBeK2mSUkOfHvsVtb8LPmexQ=
github.com/danieljoos/wincred v1.2.2 h1:774zMFJrqaeYCK2W57BgAem/MLi6mtSE47MB6BOJ0i0=
github.com/danieljoos/wincred v1.2.2/go.mod h1:w7w4Utbrz8lqeMbDAK0lkNJUv5sAOkFi7nd/ogr0Uh8=
github.com/davecgh/go-spew v1.1.1 h1:vj9j/u1bqnvCEfJOwUhtlOARqs3+rkHYY13jYWTU97c=
github.com/davecgh/go-spew v1.1.1/go.mod h1:J7Y8YcW2NihsgmVo/mv3lAwl/skON4iLHjSsI+c5H38=
github.com/dustin/go-humanize v1.0.1 h1:GzkhY7T5VNhEkwH0PVJgjz+fX1rhBrR7pRT3mDkpeCY=
github.com/dustin/go-humanize v1.0.1/go.mod h1:Mu1zIs6XwVuF/gI1OepvI0qD18qycQx+mFykh5fBlto=
github.com/erikgeiser/coninput v0.0.0-20211004153227-1c3628e74d0f h1:Y/CXytFA4m6baUTXGLOoWe4PQhGxaX0KpnayAqC48p4=
github.com/erikgeiser/coninput v0.0.0-20211004153227-1c3628e74d0f/go.mod h1:vw97MGsxSvLiUE2X8qFplwetxpGLQrlU1Q9AUEIzCaM=
github.com/fatih/color v1.16.0 h1:zmkK9Ngbjj+K0yRhTVONQh1p/HknKYSlNT+vZCzyokM=
github.com/fatih/color v1.16.0/go.mod h1:fL2Sau1YI5c0pdGEVCbKQbLXB6edEj1ZgiY4NijnWvE=
github.com/go-logfmt/logfmt v0.6.0 h1:wGYYu3uicYdqXVgoYbvnkrPVXkuLM1p1ifugDMEdRi4=
github.com/go-logfmt/logfmt v0.6.0/go.mod h1:WYhtIu8zTZfxdn5+rREduYbwxfcBr/Vr6KEVveWlfTs=
github.com/godbus/dbus/v5 v5.1.0 h1:4KLkAxT3aOY8Li4FRJe/KvhoNFFxo0m6fNuFUO8QJUk=
github.com/godbus/dbus/v5 v5.1.0/go.mod h1:xhWf0FNVPg57R7Z0UbKHbJfkEywrmjJnf7w5xrFpKfA=
github.com/google/go-cmp v0.5.2/go.mod h1:v8dTdLbMG2kIc/vJvl+f65V22dbkXbowE6jgT/gNBxE=
github.com/google/go-cmp v0.6.0 h1:ofyhxvXcZhMsU5ulbFiLKl/XBFqE1GSq7atu8tAmTRI=
github.com/google/go-cmp v0.6.0/go.mod h1:17dUlkBOakJ0+DkrSSNjCkIjxS6bF9zb3elmeNGIjoY=
github.com/google/go-querystring v1.1.0 h1:AnCroh3fv4ZBgVIf1Iwtovgjaw/GiKJo8M8yD/fhyJ8=
github.com/google/go-querystring v1.1.0/go.mod h1:Kcdr2DB4koayq7X8pmAG4sNG59So17icRSOU623lUBU=
github.com/google/shlex v0.0.0-20191202100458-e7afc7fbc510 h1:El6M4kTTCOh6aBiKaUGG7oYTSPP8MxqL4YI3kZKwcP4=
github.com/google/shlex v0.0.0-20191202100458-e7afc7fbc510/go.mod h1:pupxD2MaaD3pAXIBCelhxNneeOaAeabZDe5s4K6zSpQ=
github.com/hashicorp/go-cleanhttp v0.5.2 h1:035FKYIWjmULyFRBKPs8TBQoi0x6d9G4xc9neXJWAZQ=
github.com/hashicorp/go-cleanhttp v0.5.2/go.mod h1:kO/YDlP8L1346E6Sodw+PrpBSV4/SoxCXGY6BqNFT48=
github.com/hashicorp/go-hclog v1.6.3 h1:Qr2kF+eVWjTiYmU7Y31tYlP1h0q/X3Nl3tPGdaB11/k=
github.com/hashicorp/go-hclog v1.6.3/go.mod h1:W4Qnvbt70Wk/zYJryRzDRU/4r0kIg0PVHBcfoyhpF5M=
github.com/hashicorp/go-retryablehttp v0.7.7 h1:C8hUCYzor8PIfXHa4UrZkU4VvK8o9ISHxT2Q8+VepXU=
github.com/hashicorp/go-retryablehttp v0.7.7/go.mod h1:pkQpWZeYWskR+D1tR2O5OcBFOxfA7DoAO6xtkuQnHTk=
github.com/hexops/gotextdiff v1.0.3 h1:gitA9+qJrrTCsiCl7+kh75nPqQt1cx4ZkudSTLoUqJM=
github.com/hexops/gotextdiff v1.0.3/go.mod h1:pSWU5MAI3yDq+fZBTazCSJysOMbxWL1BSow5/V2vxeg=
github.com/kylelemons/godebug v1.1.0 h1:RPNrshWIDI6G2gRW9EHilWtl7Z6Sb1BR0xunSBf0SNc=
github.com/kylelemons/godebug v1.1.0/go.mod h1:9/0rRGxNHcop5bhtWyNeEfOS8JIWk580+fNqagV/RAw=
github.com/lucasb-eyer/go-colorful v1.2.0 h1:1nnpGOrhyZZuNyfu1QjKiUICQ74+3FNCN69Aj6K7nkY=
github.com/lucasb-eyer/go-colorful v1.2.0/go.mod h1:R4dSotOR9KMtayYi1e77YzuveK+i7ruzyGqttikkLy0=
github.com/mattn/go-colorable v0.1.13 h1:fFA4WZxdEF4tXPZVKMLwD8oUnCTTo08duU7wxecdEvA=
github.com/mattn/go-colorable v0.1.13/go.mod h1:7S9/ev0klgBDR4GtXTXX8a3vIGJpMovkB8vQcUbaXHg=
github.com/mattn/go-isatty v0.0.20 h1:xfD0iDuEKnDkl03q4limB+vH+GxLEtL/jb4xVJSWWEY=
github.com/mattn/go-isatty v0.0.20/go.mod h1:W+V8PltTTMOvKvAeJH7IuucS94S2C6jfK/D7dTCTo3Y=
github.com/mattn/go-localereader v0.0.1 h1:ygSAOl7ZXTx4RdPYinUpg6W99U8jWvWi9Ye2JC/oIi4=
github.com/mattn/go-localereader v0.0.1/go.mod h1:8fBrzywKY7BI3czFoHkuzRoWE9C+EiG4R1k4Cjx5p88=
github.com/mattn/go-runewidth v0.0.16 h1:E5ScNMtiwvlvB5paMFdw9p4kSQzbXFikJ5SQO6TULQc=
github.com/mattn/go-runewidth v0.0.16/go.mod h1:Jdepj2loyihRzMpdS35Xk/zdY8IAYHsh153qUoGf23w=
github.com/muesli/ansi v0.0.0-20230316100256-276c6243b2f6 h1:ZK8zHtRHOkbHy6Mmr5D264iyp3TiX5OmNcI5cIARiQI=
github.com/muesli/ansi v0.0.0-20230316100256-276c6243b2f6/go.mod h1:CJlz5H+gyd6CUWT45Oy4q24RdLyn7Md9Vj2/ldJBSIo=
github.com/muesli/cancelreader v0.2.2 h1:3I4Kt4BQjOR54NavqnDogx/MIoWBFa0StPA8ELUXHmA=
github.com/muesli/cancelreader v0.2.2/go.mod h1:3XuTXfFS2VjM+HTLZY9Ak0l6eUKfijIfMUZ4EgX0QYo=
github.com/muesli/termenv v0.15.2 h1:GohcuySI0QmI3wN8Ok9PtKGkgkFIk7y6Vpb5PvrY+Wo=
github.com/muesli/termenv v0.15.2/go.mod h1:Epx+iuz8sNs7mNKhxzH4fWXGNpZwUaJKRS1noLXviQ8=
github.com/pmezard/go-difflib v1.0.0 h1:4DBwDE0NGyQoBHbLQYPwSUPoCMWR5BEzIk/f1lZbAQM=
github.com/pmezard/go-difflib v1.0.0/go.mod h1:iKH77koFhYxTK1pcRnkKkqfTogsbg7gZNVY4sRDYZ/4=
github.com/rivo/uniseg v0.2.0/go.mod h1:J6wj4VEh+S6ZtnVlnTBMWIodfgj8LQOQFoIToxlJtxc=
github.com/rivo/uniseg v0.4.7 h1:WUdvkW8uEhrYfLC4ZzdpI2ztxP1I582+49Oc5Mq64VQ=
github.com/rivo/uniseg v0.4.7/go.mod h1:FN3SvrM+Zdj16jyLfmOkMNblXMcoc8DfTHruCPUcx88=
github.com/rogpeppe/go-internal v1.13.1 h1:KvO1DLK/DRN07sQ1LQKScxyZJuNnedQ5/wKSR38lUII=
github.com/rogpeppe/go-internal v1.13.1/go.mod h1:uMEvuHeurkdAXX61udpOXGD/AzZDWNMNyH2VO9fmH0o=
github.com/sahilm/fuzzy v0.1.1 h1:ceu5RHF8DGgoi+/dR5PsECjCDH1BE3Fnmpo7aVXOdRA=
github.com/sahilm/fuzzy v0.1.1/go.mod h1:VFvziUEIMCrT6A6tw2RFIXPXXmzXbOsSHF0DOI8ZK9Y=
github.com/sebdah/goldie/v2 v2.5.3 h1:9ES/mNN+HNUbNWpVAlrzuZ7jE+Nrczbj8uFRjM7624Y=
github.com/sebdah/goldie/v2 v2.5.3/go.mod h1:oZ9fp0+se1eapSRjfYbsV/0Hqhbuu3bJVvKI/NNtssI=
github.com/sergi/go-diff v1.0.0 h1:Kpca3qRNrduNnOQeazBd0ysaKrUJiIuISHxogkT9RPQ=
github.com/sergi/go-diff v1.0.0/go.mod h1:0CfEIISq7TuYL3j771MWULgwwjU+GofnZX9QAmXWZgo=
github.com/shurcooL/githubv4 v0.0.0-20240727222349-48295856cce7 h1:cYCy18SHPKRkvclm+pWm1Lk4YrREb4IOIb/YdFO0p2M=
github.com/shurcooL/githubv4 v0.0.0-20240727222349-48295856cce7/go.mod h1:zqMwyHmnN/eDOZOdiTohqIUKUrTFX62PNlu7IJdu0q8=
github.com/shurcooL/graphql v0.0.0-20230722043721-ed46e5a46466 h1:17JxqqJY66GmZVHkmAsGEkcIu0oCe3AM420QDgGwZx0=
github.com/shurcooL/graphql v0.0.0-20230722043721-ed46e5a46466/go.mod h1:9dIRpgIY7hVhoqfe0/FcYp0bpInZaT7dc3BYOprrIUE=
github.com/stretchr/objx v0.5.2 h1:xuMeJ0Sdp5ZMRXx/aWO6RZxdr3beISkG5/G/aIRr3pY=
github.com/stretchr/objx v0.5.2/go.mod h1:FRsXN1f5AsAjCGJKqEizvkpNtU+EGNCLh3NxZ/8L+MA=
github.com/stretchr/testify v1.10.0 h1:Xv5erBjTwe/5IxqUQTdXv5kgmIvbHo3QQyRwhJsOfJA=
github.com/stretchr/testify v1.10.0/go.mod h1:r2ic/lqez/lEtzL7wO/rwa5dbSLXVDPFyf8C91i36aY=
github.com/tidwall/gjson v1.18.0 h1:FIDeeyB800efLX89e5a8Y0BNH+LOngJyGrIWxG2FKQY=
github.com/tidwall/gjson v1.18.0/go.mod h1:/wbyibRr2FHMks5tjHJ5F8dMZh3AcwJEMf5vlfC0lxk=
github.com/tidwall/match v1.1.1 h1:+Ho715JplO36QYgwN9PGYNhgZvoUSc9X2c80KVTi+GA=
github.com/tidwall/match v1.1.1/go.mod h1:eRSPERbgtNPcGhD8UCthc6PmLEQXEWd3PRB5JTxsfmM=
github.com/tidwall/pretty v1.2.0 h1:RWIZEg2iJ8/g6fDDYzMpobmaoGh5OLl4AXtGUGPcqCs=
github.com/tidwall/pretty v1.2.0/go.mod h1:ITEVvHYasfjBbM0u2Pg8T2nJnzm8xPwvNhhsoaGGjNU=
github.com/vito/midterm v0.2.1-0.20241224155031-41aafc92c897 h1:y4AWOi5pjOcLR0L0ruxHvLMHMLyNs9Xa8OaKI+tl0vI=
github.com/vito/midterm v0.2.1-0.20241224155031-41aafc92c897/go.mod h1:WkbqZBIhH4jfxXkE2bjhosM1BdF/dCp7sR4x9wQB6fA=
github.com/zalando/go-keyring v0.2.6 h1:r7Yc3+H+Ux0+M72zacZoItR3UDxeWfKTcabvkI8ua9s=
github.com/zalando/go-keyring v0.2.6/go.mod h1:2TCrxYrbUNYfNS/Kgy/LSrkSQzZ5UPVH85RwfczwvcI=
gitlab.com/gitlab-org/api/client-go v0.122.0 h1:Nog85APtgquS+HHkMkP4DiZ6lXlUZYhQKqguS4OJYNM=
gitlab.com/gitlab-org/api/client-go v0.122.0/go.mod h1:Jh0qjLILEdbO6z/OY94RD+3NDQRUKiuFSFYozN6cpKM=
go.abhg.dev/io/ioutil v0.1.0 h1:YGGMzh9HT52JYuVWbnr/E5GkYHbL3yRNDjcxFDaUHNk=
go.abhg.dev/io/ioutil v0.1.0/go.mod h1:79IIyZVWxNZE8hBxMtubM8zJFPs+2NCqHYfWeH3X6hM=
go.abhg.dev/komplete v0.1.0 h1:OE/uazFmWxrYYxttaKri9UpVr/i3J2Iv1vh21mYVom8=
go.abhg.dev/komplete v0.1.0/go.mod h1:MYxEW+7RETaNiYbeZv0LOSBmiZ2vfzfk/6m36EC04kc=
go.abhg.dev/testing/stub v0.2.0 h1:hg4OxV0PKZTs2qTXBwM413glmyqbSjrIsJPtPVb7zfE=
go.abhg.dev/testing/stub v0.2.0/go.mod h1:Ipbx8f7WMQ++sxcRzjUnc4cKMnzBd8SqyuSzXPLxFe0=
go.uber.org/mock v0.5.0 h1:KAMbZvZPyBPWgD14IrIQ38QCyjwpvVVV6K/bHl1IwQU=
go.uber.org/mock v0.5.0/go.mod h1:ge71pBPLYDk7QIi1LupWxdAykm7KIEFchiOqd6z7qMM=
golang.org/x/exp v0.0.0-20240909161429-701f63a606c0 h1:e66Fs6Z+fZTbFBAxKfP3PALWBtpfqks2bwGcexMxgtk=
golang.org/x/exp v0.0.0-20240909161429-701f63a606c0/go.mod h1:2TbTHSBQa924w8M6Xs1QcRcFwyucIwBGpK1p2f1YFFY=
golang.org/x/mod v0.21.0 h1:vvrHzRwRfVKSiLrG+d4FMl/Qi4ukBCE6kZlTUkDYRT0=
golang.org/x/mod v0.21.0/go.mod h1:6SkKJ3Xj0I0BrPOZoBy3bdMptDDU9oJrpohJ3eWZ1fY=
golang.org/x/oauth2 v0.26.0 h1:afQXWNNaeC4nvZ0Ed9XvCCzXM6UHJG7iCg0W4fPqSBE=
golang.org/x/oauth2 v0.26.0/go.mod h1:XYTD2NtWslqkgxebSiOHnXEap4TF09sJSc7H1sXbhtI=
golang.org/x/sync v0.11.0 h1:GGz8+XQP4FvTTrjZPzNKTMFtSXH80RAzG+5ghFPgK9w=
golang.org/x/sync v0.11.0/go.mod h1:Czt+wKu1gCyEFDUtn0jG5QVvpJ6rzVqr5aXyt9drQfk=
golang.org/x/sys v0.0.0-20210809222454-d867a43fc93e/go.mod h1:oPkhp1MJrh7nUepCBck5+mAzfO9JrbApNNgaTdGDITg=
golang.org/x/sys v0.6.0/go.mod h1:oPkhp1MJrh7nUepCBck5+mAzfO9JrbApNNgaTdGDITg=
golang.org/x/sys v0.30.0 h1:QjkSwP/36a20jFYWkSue1YwXzLmsV5Gfq7Eiy72C1uc=
golang.org/x/sys v0.30.0/go.mod h1:/VUhepiaJMQUp4+oa/7Zr1D23ma6VTLIYjOOTFZPUcA=
golang.org/x/text v0.18.0 h1:XvMDiNzPAl0jr17s6W9lcaIhGUfUORdGCNsuLmPG224=
golang.org/x/text v0.18.0/go.mod h1:BuEKDfySbSR4drPmRPG/7iBdf8hvFMuRexcpahXilzY=
golang.org/x/time v0.9.0 h1:EsRrnYcQiGH+5FfbgvV4AP7qEZstoyrHB0DzarOQ4ZY=
golang.org/x/time v0.9.0/go.mod h1:3BpzKBy/shNhVucY/MWOyx10tF3SFh9QdLuxbVysPQM=
golang.org/x/tools v0.25.0 h1:oFU9pkj/iJgs+0DT+VMHrx+oBKs/LJMV+Uvg78sl+fE=
golang.org/x/tools v0.25.0/go.mod h1:/vtpO8WL1N9cQC3FN5zPqb//fRXskFHbLKk4OW1Q7rg=
golang.org/x/xerrors v0.0.0-20191204190536-9bdfabe68543/go.mod h1:I/5z698sn9Ka8TeJc9MKroUUfqBBauWjQqLJ2OPfmY0=
gopkg.in/check.v1 v0.0.0-20161208181325-20d25e280405 h1:yhCVgyC4o1eVCa2tZl7eS0r+SDo693bJlVdllGtEeKM=
gopkg.in/check.v1 v0.0.0-20161208181325-20d25e280405/go.mod h1:Co6ibVJAznAaIkqp8huTwlJQCZ016jof/cbN4VW5Yz0=
gopkg.in/dnaeon/go-vcr.v4 v4.0.2 h1:7T5VYf2ifyK01ETHbJPl5A6XTpUljD4Trw3GEDcdedk=
gopkg.in/dnaeon/go-vcr.v4 v4.0.2/go.mod h1:65yxh9goQVrudqofKtHA4JNFWd6XZRkWfKN4YpMx7KI=
gopkg.in/yaml.v3 v3.0.1 h1:fxVm/GzAzEWqLHuvctI91KS9hhNmmWOoWu0XTYJS7CA=
gopkg.in/yaml.v3 v3.0.1/go.mod h1:K4uyk7z7BCEPqu6E+C64Yfv1cQ7kz7rIZviUmN+EgEM=
pgregory.net/rapid v1.1.0 h1:CMa0sjHSru3puNx+J0MIAuiiEV4N0qj8/cMWGBBCsjw=
pgregory.net/rapid v1.1.0/go.mod h1:PY5XlDGj0+V1FCq0o192FdRhpKHGTRIWBgqjDBTrq04=
