[tools.changie]
version = "1.21.1"
backend = "ubi:miniscruff/changie"

[tools.changie.checksums]
changie-linux-x86_64 = "sha256:e4dd48b7a8bc5bb3070e6a12db70be8945ed44e01005c542455f74f276d4d1bd"

[tools.go]
version = "1.24.0"
backend = "core:go"

[tools.go.checksums]
"go1.24.0.darwin-arm64.tar.gz" = "sha256:fd9cfb5dd6c75a347cfc641a253f0db1cebaca16b0dd37965351c6184ba595e4"
"go1.24.0.linux-amd64.tar.gz" = "sha256:dea9ca38a0b852a74e81c26134671af7c0fbe65d81b0dc1c5bfe22cf7d4c8858"

[tools.gofumpt]
version = "0.7.0"
backend = "ubi:mvdan/gofumpt"

[tools.gofumpt.checksums]
gofumpt-linux-x86_64 = "sha256:6ff459c1dcae3b0b00844c1a5a4a5b0f547237d8a4f3624aaea8d424aeef24c6"
gofumpt-macos-aarch64 = "sha256:08f23114760a090b090706d92b8c52b9875b9eb352d76c77aa354d6aa20b045a"

[tools.golangci-lint]
version = "1.64.2"
backend = "aqua:golangci/golangci-lint"

[tools.golangci-lint.checksums]
"golangci-lint-1.64.2-linux-amd64.tar.gz" = "sha256:a893e7c9211f70a0cb8c5121ab80d5b089109c23af6bc2923820ba8b42365072"

[tools.gotestsum]
version = "1.12.0"
backend = "aqua:gotestyourself/gotestsum"

[tools.gotestsum.checksums]
"gotestsum_1.12.0_darwin_arm64.tar.gz" = "sha256:c5ffdc9054644c4db365de2197a12d21eff48b88a9ad20e3e0c29346802d0b41"
"gotestsum_1.12.0_linux_amd64.tar.gz" = "sha256:a50939fcfdfbc052bf97ff074c7fd8bcde1745be4a365d12d79311c293f12ae7"

[tools.requiredfield]
version = "0.4.0"
backend = "go:go.abhg.dev/requiredfield/cmd/requiredfield"
