# @generated - this file is auto-generated by `mise lock` https://mise.en.dev/dev-tools/mise-lock.html

[[tools.python]]
version = "3.14.7"
backend = "core:python"

[tools.python."platforms.linux-arm64"]
checksum = "sha256:9b8bd45d06fc3fcdc56f2713a62535fe1c019816461ae87c170dd56184dd3f4d"
url = "https://github.com/astral-sh/python-build-standalone/releases/download/20260929/cpython-3.14.7+20260929-aarch64-unknown-linux-gnu-install_only_stripped.tar.gz"
provenance = "github-attestations"

[tools.python."platforms.linux-arm64-musl"]
checksum = "sha256:4cfa7844ab77ef43bd8e3579e1a33d21a1551e6f20f73b101973e745b24687ce"
url = "https://github.com/astral-sh/python-build-standalone/releases/download/20260929/cpython-3.14.7+20260929-aarch64-unknown-linux-musl-install_only_stripped.tar.gz"
provenance = "github-attestations"

[tools.python."platforms.linux-x64"]
checksum = "sha256:da5357f47b1d9c8d4c439004d463d893ef688a44c27438a62b47073d26d1377e"
url = "https://github.com/astral-sh/python-build-standalone/releases/download/20260929/cpython-3.14.7+20260929-x86_64-unknown-linux-gnu-install_only_stripped.tar.gz"
provenance = "github-attestations"

[tools.python."platforms.linux-x64-musl"]
checksum = "sha256:ecb40bf33dd24d43fe44f7830e0933cd5755d3cf02e45dc404a0cfb0ea6ce0d0"
url = "https://github.com/astral-sh/python-build-standalone/releases/download/20260929/cpython-3.14.7+20260929-x86_64-unknown-linux-musl-install_only_stripped.tar.gz"
provenance = "github-attestations"

[tools.python."platforms.macos-arm64"]
checksum = "sha256:44b4716f4e63bc85e1c07ea2aca730d13a0ec3557d06526d84a13b1d111cf4f9"
url = "https://github.com/astral-sh/python-build-standalone/releases/download/20260929/cpython-3.14.7+20260929-aarch64-apple-darwin-install_only_stripped.tar.gz"
provenance = "github-attestations"

[tools.python."platforms.macos-x64"]
checksum = "sha256:419c8d110a393add7e20480f785a9cc2213978cdb10f8198ee7bb38b02cdb0fe"
url = "https://github.com/astral-sh/python-build-standalone/releases/download/20260929/cpython-3.14.7+20260929-x86_64-apple-darwin-install_only_stripped.tar.gz"
provenance = "github-attestations"

[tools.python."platforms.windows-x64"]
checksum = "sha256:6378385d5e42ec0874656e5efd707fb92334a6972b1aca90fd254eb924a8f404"
url = "https://github.com/astral-sh/python-build-standalone/releases/download/20260929/cpython-3.14.7+20260929-x86_64-pc-windows-msvc-install_only_stripped.tar.gz"
provenance = "github-attestations"

[[tools.uv]]
version = "0.12.19"
backend = "aqua:astral-sh/uv"

[tools.uv."platforms.linux-arm64"]
checksum = "sha256:0804e9b164c64b6914182d5920c08551958a095986f10a3731056df701126436"
url = "https://github.com/astral-sh/uv/releases/download/0.12.19/uv-aarch64-unknown-linux-gnu.tar.gz"
url_api = "https://api.github.com/repos/astral-sh/uv/releases/assets/587158851"
provenance = "github-attestations"

[tools.uv."platforms.linux-arm64-musl"]
checksum = "sha256:ad8d8448a2ff642ba62c2f684d7dd22a03f8eb3fc9918c2c3e8ec975f4ed6710"
url = "https://github.com/astral-sh/uv/releases/download/0.12.19/uv-aarch64-unknown-linux-musl.tar.gz"
url_api = "https://api.github.com/repos/astral-sh/uv/releases/assets/587158874"
provenance = "github-attestations"

[tools.uv."platforms.linux-x64"]
checksum = "sha256:23bf5552d220e0842b65c862097b2ebaeba0064b74eda5e565e77fd25969d8c8"
url = "https://github.com/astral-sh/uv/releases/download/0.12.19/uv-x86_64-unknown-linux-gnu.tar.gz"
url_api = "https://api.github.com/repos/astral-sh/uv/releases/assets/587159011"
provenance = "github-attestations"

[tools.uv."platforms.linux-x64-musl"]
checksum = "sha256:db7278c9f57981338fddff1fb250e11964bc0a4fafcb9eed8303fdb117dc067b"
url = "https://github.com/astral-sh/uv/releases/download/0.12.19/uv-x86_64-unknown-linux-musl.tar.gz"
url_api = "https://api.github.com/repos/astral-sh/uv/releases/assets/587159021"
provenance = "github-attestations"

[tools.uv."platforms.macos-arm64"]
checksum = "sha256:a9a8df1eedeb192f2e47e40e2faabfb387db4b850209118786d42f89dde3e0ba"
url = "https://github.com/astral-sh/uv/releases/download/0.12.19/uv-aarch64-apple-darwin.tar.gz"
url_api = "https://api.github.com/repos/astral-sh/uv/releases/assets/587158826"
provenance = "github-attestations"

[tools.uv."platforms.macos-x64"]
checksum = "sha256:cb5fa57bafe68fc0fb94b17f06bee0b0b9a7feb94ccbd110445afa0696e39273"
url = "https://github.com/astral-sh/uv/releases/download/0.12.19/uv-x86_64-apple-darwin.tar.gz"
url_api = "https://api.github.com/repos/astral-sh/uv/releases/assets/587158992"
provenance = "github-attestations"

[tools.uv."platforms.windows-x64"]
checksum = "sha256:6dbb02d79e419522f1c500f0adb1cddcff0cda7d59b0d66ea7f5e3b4a1b2f5f0"
url = "https://github.com/astral-sh/uv/releases/download/0.12.19/uv-x86_64-pc-windows-msvc.zip"
url_api = "https://api.github.com/repos/astral-sh/uv/releases/assets/587159002"
provenance = "github-attestations"
