[tools.python]
version = "3.13.1"
backend = "core:python"

[tools.uv]
version = "0.5.18"
backend = "aqua:astral-sh/uv"

[tools.uv.checksums]
"uv-aarch64-apple-darwin.tar.gz" = "sha256:13bcde0a15c50af976980b484f140e10969df67488542856a2152534f255c675"
"uv-x86_64-unknown-linux-musl.tar.gz" = "sha256:d4d3bf7dda0fd66a34ee99407506b753213bbe6e4076c0c38c4b645d00406979"
